// !$*UTF8*$!
{
	archiveVersion = 1;
	classes = {
	};
	objectVersion = 56;
	objects = {

/* Begin PBXBuildFile section */
		DCA2AABD2B872E8200AF50E4 /* AppDelegate.swift in Sources */ = {isa = PBXBuildFile; fileRef = DCA2AABC2B872E8200AF50E4 /* AppDelegate.swift */; };
		DCA2AABF2B872E8200AF50E4 /* SceneDelegate.swift in Sources */ = {isa = PBXBuildFile; fileRef = DCA2AABE2B872E8200AF50E4 /* SceneDelegate.swift */; };
		DCA2AAC12B872E8200AF50E4 /* ViewController.swift in Sources */ = {isa = PBXBuildFile; fileRef = DCA2AAC02B872E8200AF50E4 /* ViewController.swift */; };
		DCA2AAC42B872E8200AF50E4 /* Main.storyboard in Resources */ = {isa = PBXBuildFile; fileRef = DCA2AAC22B872E8200AF50E4 /* Main.storyboard */; };
		DCA2AAC62B872E8400AF50E4 /* Assets.xcassets in Resources */ = {isa = PBXBuildFile; fileRef = DCA2AAC52B872E8400AF50E4 /* Assets.xcassets */; };
		DCA2AAC92B872E8400AF50E4 /* LaunchScreen.storyboard in Resources */ = {isa = PBXBuildFile; fileRef = DCA2AAC72B872E8400AF50E4 /* LaunchScreen.storyboard */; };
		DCA2AAD32B872F3E00AF50E4 /* ViewControllerViewModel.swift in Sources */ = {isa = PBXBuildFile; fileRef = DCA2AAD22B872F3E00AF50E4 /* ViewControllerViewModel.swift */; };
		DCA2AAD62B872F8800AF50E4 /* BaseViewModel.swift in Sources */ = {isa = PBXBuildFile; fileRef = DCA2AAD52B872F8800AF50E4 /* BaseViewModel.swift */; };
		DCA2AAD82B872FB100AF50E4 /* BaseViewController.swift in Sources */ = {isa = PBXBuildFile; fileRef = DCA2AAD72B872FB100AF50E4 /* BaseViewController.swift */; };
		DCA2AADC2B87301A00AF50E4 /* UIViewController+Extension.swift in Sources */ = {isa = PBXBuildFile; fileRef = DCA2AADB2B87301A00AF50E4 /* UIViewController+Extension.swift */; };
		DCA2AB032B874D8800AF50E4 /* UserDefaultService.swift in Sources */ = {isa = PBXBuildFile; fileRef = DCA2AB022B874D8800AF50E4 /* UserDefaultService.swift */; };
/* End PBXBuildFile section */

/* Begin PBXFileReference section */
		DCA2AAB92B872E8200AF50E4 /* AzPref.app */ = {isa = PBXFileReference; explicitFileType = wrapper.application; includeInIndex = 0; path = AzPref.app; sourceTree = BUILT_PRODUCTS_DIR; };
		DCA2AABC2B872E8200AF50E4 /* AppDelegate.swift */ = {isa = PBXFileReference; lastKnownFileType = sourcecode.swift; path = AppDelegate.swift; sourceTree = "<group>"; };
		DCA2AABE2B872E8200AF50E4 /* SceneDelegate.swift */ = {isa = PBXFileReference; lastKnownFileType = sourcecode.swift; path = SceneDelegate.swift; sourceTree = "<group>"; };
		DCA2AAC02B872E8200AF50E4 /* ViewController.swift */ = {isa = PBXFileReference; lastKnownFileType = sourcecode.swift; path = ViewController.swift; sourceTree = "<group>"; };
		DCA2AAC32B872E8200AF50E4 /* Base */ = {isa = PBXFileReference; lastKnownFileType = file.storyboard; name = Base; path = Base.lproj/Main.storyboard; sourceTree = "<group>"; };
		DCA2AAC52B872E8400AF50E4 /* Assets.xcassets */ = {isa = PBXFileReference; lastKnownFileType = folder.assetcatalog; path = Assets.xcassets; sourceTree = "<group>"; };
		DCA2AAC82B872E8400AF50E4 /* Base */ = {isa = PBXFileReference; lastKnownFileType = file.storyboard; name = Base; path = Base.lproj/LaunchScreen.storyboard; sourceTree = "<group>"; };
		DCA2AACA2B872E8400AF50E4 /* Info.plist */ = {isa = PBXFileReference; lastKnownFileType = text.plist.xml; path = Info.plist; sourceTree = "<group>"; };
		DCA2AAD22B872F3E00AF50E4 /* ViewControllerViewModel.swift */ = {isa = PBXFileReference; lastKnownFileType = sourcecode.swift; path = ViewControllerViewModel.swift; sourceTree = "<group>"; };
		DCA2AAD52B872F8800AF50E4 /* BaseViewModel.swift */ = {isa = PBXFileReference; lastKnownFileType = sourcecode.swift; path = BaseViewModel.swift; sourceTree = "<group>"; };
		DCA2AAD72B872FB100AF50E4 /* BaseViewController.swift */ = {isa = PBXFileReference; lastKnownFileType = sourcecode.swift; path = BaseViewController.swift; sourceTree = "<group>"; };
		DCA2AADB2B87301A00AF50E4 /* UIViewController+Extension.swift */ = {isa = PBXFileReference; lastKnownFileType = sourcecode.swift; path = "UIViewController+Extension.swift"; sourceTree = "<group>"; };
		DCA2AB022B874D8800AF50E4 /* UserDefaultService.swift */ = {isa = PBXFileReference; lastKnownFileType = sourcecode.swift; path = UserDefaultService.swift; sourceTree = "<group>"; };
/* End PBXFileReference section */

/* Begin PBXFrameworksBuildPhase section */
		DCA2AAB62B872E8200AF50E4 /* Frameworks */ = {
			isa = PBXFrameworksBuildPhase;
			buildActionMask = 2147483647;
			files = (
			);
			runOnlyForDeploymentPostprocessing = 0;
		};
/* End PBXFrameworksBuildPhase section */

/* Begin PBXGroup section */
		DCA2AAB02B872E8200AF50E4 = {
			isa = PBXGroup;
			children = (
				DCA2AABB2B872E8200AF50E4 /* AzPref */,
				DCA2AABA2B872E8200AF50E4 /* Products */,
			);
			sourceTree = "<group>";
		};
		DCA2AABA2B872E8200AF50E4 /* Products */ = {
			isa = PBXGroup;
			children = (
				DCA2AAB92B872E8200AF50E4 /* AzPref.app */,
			);
			name = Products;
			sourceTree = "<group>";
		};
		DCA2AABB2B872E8200AF50E4 /* AzPref */ = {
			isa = PBXGroup;
			children = (
				DCA2AAD02B872F1800AF50E4 /* features */,
				DCA2AABC2B872E8200AF50E4 /* AppDelegate.swift */,
				DCA2AABE2B872E8200AF50E4 /* SceneDelegate.swift */,
				DCA2AAC22B872E8200AF50E4 /* Main.storyboard */,
				DCA2AAC52B872E8400AF50E4 /* Assets.xcassets */,
				DCA2AAC72B872E8400AF50E4 /* LaunchScreen.storyboard */,
				DCA2AACA2B872E8400AF50E4 /* Info.plist */,
			);
			path = AzPref;
			sourceTree = "<group>";
		};
		DCA2AAD02B872F1800AF50E4 /* features */ = {
			isa = PBXGroup;
			children = (
				DCA2AAD92B872FEE00AF50E4 /* common */,
				DCA2AAD42B872F7100AF50E4 /* base */,
				DCA2AAD12B872F2300AF50E4 /* mainscreen */,
			);
			path = features;
			sourceTree = "<group>";
		};
		DCA2AAD12B872F2300AF50E4 /* mainscreen */ = {
			isa = PBXGroup;
			children = (
				DCA2AAC02B872E8200AF50E4 /* ViewController.swift */,
				DCA2AAD22B872F3E00AF50E4 /* ViewControllerViewModel.swift */,
			);
			path = mainscreen;
			sourceTree = "<group>";
		};
		DCA2AAD42B872F7100AF50E4 /* base */ = {
			isa = PBXGroup;
			children = (
				DCA2AAD52B872F8800AF50E4 /* BaseViewModel.swift */,
				DCA2AAD72B872FB100AF50E4 /* BaseViewController.swift */,
			);
			path = base;
			sourceTree = "<group>";
		};
		DCA2AAD92B872FEE00AF50E4 /* common */ = {
			isa = PBXGroup;
			children = (
				DCA2AADA2B872FF300AF50E4 /* extensions */,
				DCA2AB022B874D8800AF50E4 /* UserDefaultService.swift */,
			);
			path = common;
			sourceTree = "<group>";
		};
		DCA2AADA2B872FF300AF50E4 /* extensions */ = {
			isa = PBXGroup;
			children = (
				DCA2AADB2B87301A00AF50E4 /* UIViewController+Extension.swift */,
			);
			path = extensions;
			sourceTree = "<group>";
		};
/* End PBXGroup section */

/* Begin PBXNativeTarget section */
		DCA2AAB82B872E8200AF50E4 /* AzPref */ = {
			isa = PBXNativeTarget;
			buildConfigurationList = DCA2AACD2B872E8400AF50E4 /* Build configuration list for PBXNativeTarget "AzPref" */;
			buildPhases = (
				DCA2AAB52B872E8200AF50E4 /* Sources */,
				DCA2AAB62B872E8200AF50E4 /* Frameworks */,
				DCA2AAB72B872E8200AF50E4 /* Resources */,
			);
			buildRules = (
			);
			dependencies = (
			);
			name = AzPref;
			productName = AzPref;
			productReference = DCA2AAB92B872E8200AF50E4 /* AzPref.app */;
			productType = "com.apple.product-type.application";
		};
/* End PBXNativeTarget section */

/* Begin PBXProject section */
		DCA2AAB12B872E8200AF50E4 /* Project object */ = {
			isa = PBXProject;
			attributes = {
				BuildIndependentTargetsInParallel = 1;
				LastSwiftUpdateCheck = 1520;
				LastUpgradeCheck = 1520;
				TargetAttributes = {
					DCA2AAB82B872E8200AF50E4 = {
						CreatedOnToolsVersion = 15.2;
					};
				};
			};
			buildConfigurationList = DCA2AAB42B872E8200AF50E4 /* Build configuration list for PBXProject "AzPref" */;
			compatibilityVersion = "Xcode 14.0";
			developmentRegion = en;
			hasScannedForEncodings = 0;
			knownRegions = (
				en,
				Base,
			);
			mainGroup = DCA2AAB02B872E8200AF50E4;
			productRefGroup = DCA2AABA2B872E8200AF50E4 /* Products */;
			projectDirPath = "";
			projectRoot = "";
			targets = (
				DCA2AAB82B872E8200AF50E4 /* AzPref */,
			);
		};
/* End PBXProject section */

/* Begin PBXResourcesBuildPhase section */
		DCA2AAB72B872E8200AF50E4 /* Resources */ = {
			isa = PBXResourcesBuildPhase;
			buildActionMask = 2147483647;
			files = (
				DCA2AAC92B872E8400AF50E4 /* LaunchScreen.storyboard in Resources */,
				DCA2AAC62B872E8400AF50E4 /* Assets.xcassets in Resources */,
				DCA2AAC42B872E8200AF50E4 /* Main.storyboard in Resources */,
			);
			runOnlyForDeploymentPostprocessing = 0;
		};
/* End PBXResourcesBuildPhase section */

/* Begin PBXSourcesBuildPhase section */
		DCA2AAB52B872E8200AF50E4 /* Sources */ = {
			isa = PBXSourcesBuildPhase;
			buildActionMask = 2147483647;
			files = (
				DCA2AB032B874D8800AF50E4 /* UserDefaultService.swift in Sources */,
				DCA2AAC12B872E8200AF50E4 /* ViewController.swift in Sources */,
				DCA2AAD62B872F8800AF50E4 /* BaseViewModel.swift in Sources */,
				DCA2AABD2B872E8200AF50E4 /* AppDelegate.swift in Sources */,
				DCA2AABF2B872E8200AF50E4 /* SceneDelegate.swift in Sources */,
				DCA2AADC2B87301A00AF50E4 /* UIViewController+Extension.swift in Sources */,
				DCA2AAD32B872F3E00AF50E4 /* ViewControllerViewModel.swift in Sources */,
				DCA2AAD82B872FB100AF50E4 /* BaseViewController.swift in Sources */,
			);
			runOnlyForDeploymentPostprocessing = 0;
		};
/* End PBXSourcesBuildPhase section */

/* Begin PBXVariantGroup section */
		DCA2AAC22B872E8200AF50E4 /* Main.storyboard */ = {
			isa = PBXVariantGroup;
			children = (
				DCA2AAC32B872E8200AF50E4 /* Base */,
			);
			name = Main.storyboard;
			sourceTree = "<group>";
		};
		DCA2AAC72B872E8400AF50E4 /* LaunchScreen.storyboard */ = {
			isa = PBXVariantGroup;
			children = (
				DCA2AAC82B872E8400AF50E4 /* Base */,
			);
			name = LaunchScreen.storyboard;
			sourceTree = "<group>";
		};
/* End PBXVariantGroup section */

/* Begin XCBuildConfiguration section */
		DCA2AACB2B872E8400AF50E4 /* Debug */ = {
			isa = XCBuildConfiguration;
			buildSettings = {
				ALWAYS_SEARCH_USER_PATHS = NO;
				ASSETCATALOG_COMPILER_GENERATE_SWIFT_ASSET_SYMBOL_EXTENSIONS = YES;
				CLANG_ANALYZER_NONNULL = YES;
				CLANG_ANALYZER_NUMBER_OBJECT_CONVERSION = YES_AGGRESSIVE;
				CLANG_CXX_LANGUAGE_STANDARD = "gnu++20";
				CLANG_ENABLE_MODULES = YES;
				CLANG_ENABLE_OBJC_ARC = YES;
				CLANG_ENABLE_OBJC_WEAK = YES;
				CLANG_WARN_BLOCK_CAPTURE_AUTORELEASING = YES;
				CLANG_WARN_BOOL_CONVERSION = YES;
				CLANG_WARN_COMMA = YES;
				CLANG_WARN_CONSTANT_CONVERSION = YES;
				CLANG_WARN_DEPRECATED_OBJC_IMPLEMENTATIONS = YES;
				CLANG_WARN_DIRECT_OBJC_ISA_USAGE = YES_ERROR;
				CLANG_WARN_DOCUMENTATION_COMMENTS = YES;
				CLANG_WARN_EMPTY_BODY = YES;
				CLANG_WARN_ENUM_CONVERSION = YES;
				CLANG_WARN_INFINITE_RECURSION = YES;
				CLANG_WARN_INT_CONVERSION = YES;
				CLANG_WARN_NON_LITERAL_NULL_CONVERSION = YES;
				CLANG_WARN_OBJC_IMPLICIT_RETAIN_SELF = YES;
				CLANG_WARN_OBJC_LITERAL_CONVERSION = YES;
				CLANG_WARN_OBJC_ROOT_CLASS = YES_ERROR;
				CLANG_WARN_QUOTED_INCLUDE_IN_FRAMEWORK_HEADER = YES;
				CLANG_WARN_RANGE_LOOP_ANALYSIS = YES;
				CLANG_WARN_STRICT_PROTOTYPES = YES;
				CLANG_WARN_SUSPICIOUS_MOVE = YES;
				CLANG_WARN_UNGUARDED_AVAILABILITY = YES_AGGRESSIVE;
				CLANG_WARN_UNREACHABLE_CODE = YES;
				CLANG_WARN__DUPLICATE_METHOD_MATCH = YES;
				COPY_PHASE_STRIP = NO;
				DEBUG_INFORMATION_FORMAT = dwarf;
				ENABLE_STRICT_OBJC_MSGSEND = YES;
				ENABLE_TESTABILITY = YES;
				ENABLE_USER_SCRIPT_SANDBOXING = YES;
				GCC_C_LANGUAGE_STANDARD = gnu17;
				GCC_DYNAMIC_NO_PIC = NO;
				GCC_NO_COMMON_BLOCKS = YES;
				GCC_OPTIMIZATION_LEVEL = 0;
				GCC_PREPROCESSOR_DEFINITIONS = (
					"DEBUG=1",
					"$(inherited)",
				);
				GCC_WARN_64_TO_32_BIT_CONVERSION = YES;
				GCC_WARN_ABOUT_RETURN_TYPE = YES_ERROR;
				GCC_WARN_UNDECLARED_SELECTOR = YES;
				GCC_WARN_UNINITIALIZED_AUTOS = YES_AGGRESSIVE;
				GCC_WARN_UNUSED_FUNCTION = YES;
				GCC_WARN_UNUSED_VARIABLE = YES;
				IPHONEOS_DEPLOYMENT_TARGET = 17.2;
				LOCALIZATION_PREFERS_STRING_CATALOGS = YES;
				MTL_ENABLE_DEBUG_INFO = INCLUDE_SOURCE;
				MTL_FAST_MATH = YES;
				ONLY_ACTIVE_ARCH = YES;
				SDKROOT = iphoneos;
				SWIFT_ACTIVE_COMPILATION_CONDITIONS = "DEBUG $(inherited)";
				SWIFT_OPTIMIZATION_LEVEL = "-Onone";
			};
			name = Debug;
		};
		DCA2AACC2B872E8400AF50E4 /* Release */ = {
			isa = XCBuildConfiguration;
			buildSettings = {
				ALWAYS_SEARCH_USER_PATHS = NO;
				ASSETCATALOG_COMPILER_GENERATE_SWIFT_ASSET_SYMBOL_EXTENSIONS = YES;
				CLANG_ANALYZER_NONNULL = YES;
				CLANG_ANALYZER_NUMBER_OBJECT_CONVERSION = YES_AGGRESSIVE;
				CLANG_CXX_LANGUAGE_STANDARD = "gnu++20";
				CLANG_ENABLE_MODULES = YES;
				CLANG_ENABLE_OBJC_ARC = YES;
				CLANG_ENABLE_OBJC_WEAK = YES;
				CLANG_WARN_BLOCK_CAPTURE_AUTORELEASING = YES;
				CLANG_WARN_BOOL_CONVERSION = YES;
				CLANG_WARN_COMMA = YES;
				CLANG_WARN_CONSTANT_CONVERSION = YES;
				CLANG_WARN_DEPRECATED_OBJC_IMPLEMENTATIONS = YES;
				CLANG_WARN_DIRECT_OBJC_ISA_USAGE = YES_ERROR;
				CLANG_WARN_DOCUMENTATION_COMMENTS = YES;
				CLANG_WARN_EMPTY_BODY = YES;
				CLANG_WARN_ENUM_CONVERSION = YES;
				CLANG_WARN_INFINITE_RECURSION = YES;
				CLANG_WARN_INT_CONVERSION = YES;
				CLANG_WARN_NON_LITERAL_NULL_CONVERSION = YES;
				CLANG_WARN_OBJC_IMPLICIT_RETAIN_SELF = YES;
				CLANG_WARN_OBJC_LITERAL_CONVERSION = YES;
				CLANG_WARN_OBJC_ROOT_CLASS = YES_ERROR;
				CLANG_WARN_QUOTED_INCLUDE_IN_FRAMEWORK_HEADER = YES;
				CLANG_WARN_RANGE_LOOP_ANALYSIS = YES;
				CLANG_WARN_STRICT_PROTOTYPES = YES;
				CLANG_WARN_SUSPICIOUS_MOVE = YES;
				CLANG_WARN_UNGUARDED_AVAILABILITY = YES_AGGRESSIVE;
				CLANG_WARN_UNREACHABLE_CODE = YES;
				CLANG_WARN__DUPLICATE_METHOD_MATCH = YES;
				COPY_PHASE_STRIP = NO;
				DEBUG_INFORMATION_FORMAT = "dwarf-with-dsym";
				ENABLE_NS_ASSERTIONS = NO;
				ENABLE_STRICT_OBJC_MSGSEND = YES;
				ENABLE_USER_SCRIPT_SANDBOXING = YES;
				GCC_C_LANGUAGE_STANDARD = gnu17;
				GCC_NO_COMMON_BLOCKS = YES;
				GCC_WARN_64_TO_32_BIT_CONVERSION = YES;
				GCC_WARN_ABOUT_RETURN_TYPE = YES_ERROR;
				GCC_WARN_UNDECLARED_SELECTOR = YES;
				GCC_WARN_UNINITIALIZED_AUTOS = YES_AGGRESSIVE;
				GCC_WARN_UNUSED_FUNCTION = YES;
				GCC_WARN_UNUSED_VARIABLE = YES;
				IPHONEOS_DEPLOYMENT_TARGET = 17.2;
				LOCALIZATION_PREFERS_STRING_CATALOGS = YES;
				MTL_ENABLE_DEBUG_INFO = NO;
				MTL_FAST_MATH = YES;
				SDKROOT = iphoneos;
				SWIFT_COMPILATION_MODE = wholemodule;
				VALIDATE_PRODUCT = YES;
			};
			name = Release;
		};
		DCA2AACE2B872E8400AF50E4 /* Debug */ = {
			isa = XCBuildConfiguration;
			buildSettings = {
				ASSETCATALOG_COMPILER_APPICON_NAME = AppIcon;
				ASSETCATALOG_COMPILER_GLOBAL_ACCENT_COLOR_NAME = AccentColor;
				CODE_SIGN_STYLE = Automatic;
				CURRENT_PROJECT_VERSION = 1;
				DEVELOPMENT_TEAM = Y7653CXCKR;
				GENERATE_INFOPLIST_FILE = YES;
				INFOPLIST_FILE = AzPref/Info.plist;
				INFOPLIST_KEY_UIApplicationSupportsIndirectInputEvents = YES;
				INFOPLIST_KEY_UILaunchStoryboardName = LaunchScreen;
				INFOPLIST_KEY_UIMainStoryboardFile = Main;
				INFOPLIST_KEY_UISupportedInterfaceOrientations_iPad = "UIInterfaceOrientationPortrait UIInterfaceOrientationPortraitUpsideDown UIInterfaceOrientationLandscapeLeft UIInterfaceOrientationLandscapeRight";
				INFOPLIST_KEY_UISupportedInterfaceOrientations_iPhone = "UIInterfaceOrientationPortrait UIInterfaceOrientationLandscapeLeft UIInterfaceOrientationLandscapeRight";
				LD_RUNPATH_SEARCH_PATHS = (
					"$(inherited)",
					"@executable_path/Frameworks",
				);
				MARKETING_VERSION = 1.0;
				PRODUCT_BUNDLE_IDENTIFIER = com.az.AzPref;
				PRODUCT_NAME = "$(TARGET_NAME)";
				SWIFT_EMIT_LOC_STRINGS = YES;
				SWIFT_VERSION = 5.0;
				TARGETED_DEVICE_FAMILY = "1,2";
			};
			name = Debug;
		};
		DCA2AACF2B872E8400AF50E4 /* Release */ = {
			isa = XCBuildConfiguration;
			buildSettings = {
				ASSETCATALOG_COMPILER_APPICON_NAME = AppIcon;
				ASSETCATALOG_COMPILER_GLOBAL_ACCENT_COLOR_NAME = AccentColor;
				CODE_SIGN_STYLE = Automatic;
				CURRENT_PROJECT_VERSION = 1;
				DEVELOPMENT_TEAM = Y7653CXCKR;
				GENERATE_INFOPLIST_FILE = YES;
				INFOPLIST_FILE = AzPref/Info.plist;
				INFOPLIST_KEY_UIApplicationSupportsIndirectInputEvents = YES;
				INFOPLIST_KEY_UILaunchStoryboardName = LaunchScreen;
				INFOPLIST_KEY_UIMainStoryboardFile = Main;
				INFOPLIST_KEY_UISupportedInterfaceOrientations_iPad = "UIInterfaceOrientationPortrait UIInterfaceOrientationPortraitUpsideDown UIInterfaceOrientationLandscapeLeft UIInterfaceOrientationLandscapeRight";
				INFOPLIST_KEY_UISupportedInterfaceOrientations_iPhone = "UIInterfaceOrientationPortrait UIInterfaceOrientationLandscapeLeft UIInterfaceOrientationLandscapeRight";
				LD_RUNPATH_SEARCH_PATHS = (
					"$(inherited)",
					"@executable_path/Frameworks",
				);
				MARKETING_VERSION = 1.0;
				PRODUCT_BUNDLE_IDENTIFIER = com.az.AzPref;
				PRODUCT_NAME = "$(TARGET_NAME)";
				SWIFT_EMIT_LOC_STRINGS = YES;
				SWIFT_VERSION = 5.0;
				TARGETED_DEVICE_FAMILY = "1,2";
			};
			name = Release;
		};
/* End XCBuildConfiguration section */

/* Begin XCConfigurationList section */
		DCA2AAB42B872E8200AF50E4 /* Build configuration list for PBXProject "AzPref" */ = {
			isa = XCConfigurationList;
			buildConfigurations = (
				DCA2AACB2B872E8400AF50E4 /* Debug */,
				DCA2AACC2B872E8400AF50E4 /* Release */,
			);
			defaultConfigurationIsVisible = 0;
			defaultConfigurationName = Release;
		};
		DCA2AACD2B872E8400AF50E4 /* Build configuration list for PBXNativeTarget "AzPref" */ = {
			isa = XCConfigurationList;
			buildConfigurations = (
				DCA2AACE2B872E8400AF50E4 /* Debug */,
				DCA2AACF2B872E8400AF50E4 /* Release */,
			);
			defaultConfigurationIsVisible = 0;
			defaultConfigurationName = Release;
		};
/* End XCConfigurationList section */
	};
	rootObject = DCA2AAB12B872E8200AF50E4 /* Project object */;
}
